
Microsoft Visual Studio Solution File, Format Version 12.00
# Visual Studio Version 17
VisualStudioVersion = 17.5.002.0
MinimumVisualStudioVersion = 10.0.40219.1
Project("{9A19103F-16F7-4668-BE54-9A1E7A4F7556}") = "Kasper", "Kasper\Kasper.csproj", "{B69E20E9-1423-4385-91A9-4A91DC5689B8}"
EndProject
Global
	GlobalSection(SolutionConfigurationPlatforms) = preSolution
		Debug|Any CPU = Debug|Any CPU
		Release|Any CPU = Release|Any CPU
	EndGlobalSection
	GlobalSection(ProjectConfigurationPlatforms) = postSolution
		{B69E20E9-1423-4385-91A9-4A91DC5689B8}.Debug|Any CPU.ActiveCfg = Debug|Any CPU
		{B69E20E9-1423-4385-91A9-4A91DC5689B8}.Debug|Any CPU.Build.0 = Debug|Any CPU
		{B69E20E9-1423-4385-91A9-4A91DC5689B8}.Release|Any CPU.ActiveCfg = Release|Any CPU
		{B69E20E9-1423-4385-91A9-4A91DC5689B8}.Release|Any CPU.Build.0 = Release|Any CPU
	EndGlobalSection
	GlobalSection(SolutionProperties) = preSolution
		HideSolutionNode = FALSE
	EndGlobalSection
	GlobalSection(ExtensibilityGlobals) = postSolution
		SolutionGuid = {B6E877A9-EBC6-4323-A462-95E7919A7FB9}
	EndGlobalSection
EndGlobal
